PODS:
  - DZNEmptyDataSet (1.8.1)
  - Eureka (5.0.0)

DEPENDENCIES:
  - DZNEmptyDataSet
  - Eureka

SPEC REPOS:
  https://github.com/cocoapods/specs.git:
    - DZNEmptyDataSet
    - Eureka

SPEC CHECKSUMS:
  DZNEmptyDataSet: 9525833b9e68ac21c30253e1d3d7076cc828eaa7
  Eureka: 0f64f477ec8ef6201c6fec143d60ff5c201cf654

PODFILE CHECKSUM: 9dd33698223188a13a5b8aac66b2a87f79460652

COCOAPODS: 1.7.2
